schema: '2.0'
stages:
  train:
    cmd: rasa data validate &&  rasa train --fixed-model-name ./models/model --out
      ./
    deps:
    - path: data
      md5: b69d079a379fb59a42e3ed58a136ea54.dir
      size: 2240
      nfiles: 3
    params:
      config.yml:
        pipeline:
        policies:
    outs:
    - path: ./models
      md5: ebb2a6d64820fd89e6afc0eb3ccd27aa.dir
      size: 24991420
      nfiles: 1
  test:
    cmd: rasa test --out ./results --model ./models/model.tar.gz
    deps:
    - path: ./models
      md5: ebb2a6d64820fd89e6afc0eb3ccd27aa.dir
      size: 24991420
      nfiles: 1
    params:
      config.yml:
        pipeline:
        policies:
    outs:
    - path: ./results/TEDPolicy_report.json
      md5: 99914b932bd37a50b983c5e7c90ae93b
      size: 2
    - path: ./results/intent_errors.json
      md5: f867a6508243c824eff3e4a84b1d2edd
      size: 162
    - path: ./results/intent_report.json
      md5: dd752ed03da569c04253a201f2e1021b
      size: 1295
    - path: ./results/story_report.json
      md5: b28ced933efc0e61a6b06585707d5b3f
      size: 1756
